// !$*UTF8*$!
{
	archiveVersion = 1;
	classes = {
	};
	objectVersion = 51;
	objects = {

/* Begin PBXBuildFile section */
		5CC75725C4E5F8A89C3490DA /* Pods_InstagramFirebaseSample.framework in Frameworks */ = {isa = PBXBuildFile; fileRef = E28C97F3D5628FD67957FDE9 /* Pods_InstagramFirebaseSample.framework */; };
		E63EE22F243D6859004C0537 /* ViewController.swift in Sources */ = {isa = PBXBuildFile; fileRef = E63EE22E243D6859004C0537 /* ViewController.swift */; };
		E63EE231243D80D0004C0537 /* Navigator.swift in Sources */ = {isa = PBXBuildFile; fileRef = E63EE230243D80D0004C0537 /* Navigator.swift */; };
		E63EE233243D8265004C0537 /* TabBarViewModel.swift in Sources */ = {isa = PBXBuildFile; fileRef = E63EE232243D8265004C0537 /* TabBarViewModel.swift */; };
		E63EE235243D9F73004C0537 /* Application.swift in Sources */ = {isa = PBXBuildFile; fileRef = E63EE234243D9F73004C0537 /* Application.swift */; };
		E63EE237243EE3E7004C0537 /* PhotoViewModel.swift in Sources */ = {isa = PBXBuildFile; fileRef = E63EE236243EE3E7004C0537 /* PhotoViewModel.swift */; };
		E63EE239243EE3F4004C0537 /* SearchViewModel.swift in Sources */ = {isa = PBXBuildFile; fileRef = E63EE238243EE3F4004C0537 /* SearchViewModel.swift */; };
		E63EE23B243EE3FD004C0537 /* FeedViewModel.swift in Sources */ = {isa = PBXBuildFile; fileRef = E63EE23A243EE3FD004C0537 /* FeedViewModel.swift */; };
		E63EE23D243EE413004C0537 /* ProfileViewModel.swift in Sources */ = {isa = PBXBuildFile; fileRef = E63EE23C243EE413004C0537 /* ProfileViewModel.swift */; };
		E63EE23F243EE4E0004C0537 /* CollectionViewCell.swift in Sources */ = {isa = PBXBuildFile; fileRef = E63EE23E243EE4E0004C0537 /* CollectionViewCell.swift */; };
		E63EE241243EE531004C0537 /* Tools.swift in Sources */ = {isa = PBXBuildFile; fileRef = E63EE240243EE531004C0537 /* Tools.swift */; };
		E63EE243243EE53B004C0537 /* Font.swift in Sources */ = {isa = PBXBuildFile; fileRef = E63EE242243EE53B004C0537 /* Font.swift */; };
		E63EE245243EE543004C0537 /* Color.swift in Sources */ = {isa = PBXBuildFile; fileRef = E63EE244243EE543004C0537 /* Color.swift */; };
		E63EE247243EED85004C0537 /* LikeViewController.swift in Sources */ = {isa = PBXBuildFile; fileRef = E63EE246243EED85004C0537 /* LikeViewController.swift */; };
		E63EE249243EED9D004C0537 /* LikeViewModel.swift in Sources */ = {isa = PBXBuildFile; fileRef = E63EE248243EED9D004C0537 /* LikeViewModel.swift */; };
		F9F30886239BBAA9002E6F11 /* AppDelegate.swift in Sources */ = {isa = PBXBuildFile; fileRef = F9F30885239BBAA9002E6F11 /* AppDelegate.swift */; };
		F9F3088F239BBAAC002E6F11 /* Assets.xcassets in Resources */ = {isa = PBXBuildFile; fileRef = F9F3088E239BBAAC002E6F11 /* Assets.xcassets */; };
		F9F30892239BBAAC002E6F11 /* LaunchScreen.storyboard in Resources */ = {isa = PBXBuildFile; fileRef = F9F30890239BBAAC002E6F11 /* LaunchScreen.storyboard */; };
		F9F3089C239BBB3B002E6F11 /* LoginViewController.swift in Sources */ = {isa = PBXBuildFile; fileRef = F9F3089B239BBB3B002E6F11 /* LoginViewController.swift */; };
		F9F3089E239BBB53002E6F11 /* SignUpViewController.swift in Sources */ = {isa = PBXBuildFile; fileRef = F9F3089D239BBB53002E6F11 /* SignUpViewController.swift */; };
		F9F308A0239BBBB7002E6F11 /* TabBarViewController.swift in Sources */ = {isa = PBXBuildFile; fileRef = F9F3089F239BBBB7002E6F11 /* TabBarViewController.swift */; };
		F9F308A6239BD9F4002E6F11 /* FeedViewController.swift in Sources */ = {isa = PBXBuildFile; fileRef = F9F308A5239BD9F4002E6F11 /* FeedViewController.swift */; };
		F9F308A8239BDA02002E6F11 /* ProfileViewController.swift in Sources */ = {isa = PBXBuildFile; fileRef = F9F308A7239BDA02002E6F11 /* ProfileViewController.swift */; };
		F9F308AA239BDA0D002E6F11 /* SearchViewController.swift in Sources */ = {isa = PBXBuildFile; fileRef = F9F308A9239BDA0D002E6F11 /* SearchViewController.swift */; };
		F9F308AE239BDEBE002E6F11 /* PhotoViewController.swift in Sources */ = {isa = PBXBuildFile; fileRef = F9F308AD239BDEBE002E6F11 /* PhotoViewController.swift */; };
		F9F308B0239E90E5002E6F11 /* GoogleService-Info.plist in Resources */ = {isa = PBXBuildFile; fileRef = F9F308AF239E90E4002E6F11 /* GoogleService-Info.plist */; };
/* End PBXBuildFile section */

/* Begin PBXFileReference section */
		31813A07825F3ACB7E782F0A /* Pods-InstagramFirebaseSample.debug.xcconfig */ = {isa = PBXFileReference; includeInIndex = 1; lastKnownFileType = text.xcconfig; name = "Pods-InstagramFirebaseSample.debug.xcconfig"; path = "Target Support Files/Pods-InstagramFirebaseSample/Pods-InstagramFirebaseSample.debug.xcconfig"; sourceTree = "<group>"; };
		A5EFC7ACF247A42A7EB60D6D /* Pods-InstagramFirebaseSample.release.xcconfig */ = {isa = PBXFileReference; includeInIndex = 1; lastKnownFileType = text.xcconfig; name = "Pods-InstagramFirebaseSample.release.xcconfig"; path = "Target Support Files/Pods-InstagramFirebaseSample/Pods-InstagramFirebaseSample.release.xcconfig"; sourceTree = "<group>"; };
		E28C97F3D5628FD67957FDE9 /* Pods_InstagramFirebaseSample.framework */ = {isa = PBXFileReference; explicitFileType = wrapper.framework; includeInIndex = 0; path = Pods_InstagramFirebaseSample.framework; sourceTree = BUILT_PRODUCTS_DIR; };
		E63EE22E243D6859004C0537 /* ViewController.swift */ = {isa = PBXFileReference; lastKnownFileType = sourcecode.swift; path = ViewController.swift; sourceTree = "<group>"; };
		E63EE230243D80D0004C0537 /* Navigator.swift */ = {isa = PBXFileReference; lastKnownFileType = sourcecode.swift; path = Navigator.swift; sourceTree = "<group>"; };
		E63EE232243D8265004C0537 /* TabBarViewModel.swift */ = {isa = PBXFileReference; lastKnownFileType = sourcecode.swift; path = TabBarViewModel.swift; sourceTree = "<group>"; };
		E63EE234243D9F73004C0537 /* Application.swift */ = {isa = PBXFileReference; lastKnownFileType = sourcecode.swift; path = Application.swift; sourceTree = "<group>"; };
		E63EE236243EE3E7004C0537 /* PhotoViewModel.swift */ = {isa = PBXFileReference; lastKnownFileType = sourcecode.swift; path = PhotoViewModel.swift; sourceTree = "<group>"; };
		E63EE238243EE3F4004C0537 /* SearchViewModel.swift */ = {isa = PBXFileReference; lastKnownFileType = sourcecode.swift; path = SearchViewModel.swift; sourceTree = "<group>"; };
		E63EE23A243EE3FD004C0537 /* FeedViewModel.swift */ = {isa = PBXFileReference; lastKnownFileType = sourcecode.swift; path = FeedViewModel.swift; sourceTree = "<group>"; };
		E63EE23C243EE413004C0537 /* ProfileViewModel.swift */ = {isa = PBXFileReference; lastKnownFileType = sourcecode.swift; path = ProfileViewModel.swift; sourceTree = "<group>"; };
		E63EE23E243EE4E0004C0537 /* CollectionViewCell.swift */ = {isa = PBXFileReference; lastKnownFileType = sourcecode.swift; path = CollectionViewCell.swift; sourceTree = "<group>"; };
		E63EE240243EE531004C0537 /* Tools.swift */ = {isa = PBXFileReference; lastKnownFileType = sourcecode.swift; path = Tools.swift; sourceTree = "<group>"; };
		E63EE242243EE53B004C0537 /* Font.swift */ = {isa = PBXFileReference; lastKnownFileType = sourcecode.swift; path = Font.swift; sourceTree = "<group>"; };
		E63EE244243EE543004C0537 /* Color.swift */ = {isa = PBXFileReference; lastKnownFileType = sourcecode.swift; path = Color.swift; sourceTree = "<group>"; };
		E63EE246243EED85004C0537 /* LikeViewController.swift */ = {isa = PBXFileReference; lastKnownFileType = sourcecode.swift; name = LikeViewController.swift; path = InstagramFirebaseSample/Tools/LikeViewController.swift; sourceTree = SOURCE_ROOT; };
		E63EE248243EED9D004C0537 /* LikeViewModel.swift */ = {isa = PBXFileReference; lastKnownFileType = sourcecode.swift; name = LikeViewModel.swift; path = InstagramFirebaseSample/Tools/LikeViewModel.swift; sourceTree = SOURCE_ROOT; };
		F9F30882239BBAA9002E6F11 /* InstagramFirebaseSample.app */ = {isa = PBXFileReference; explicitFileType = wrapper.application; includeInIndex = 0; path = InstagramFirebaseSample.app; sourceTree = BUILT_PRODUCTS_DIR; };
		F9F30885239BBAA9002E6F11 /* AppDelegate.swift */ = {isa = PBXFileReference; lastKnownFileType = sourcecode.swift; path = AppDelegate.swift; sourceTree = "<group>"; };
		F9F3088E239BBAAC002E6F11 /* Assets.xcassets */ = {isa = PBXFileReference; lastKnownFileType = folder.assetcatalog; path = Assets.xcassets; sourceTree = "<group>"; };
		F9F30891239BBAAC002E6F11 /* Base */ = {isa = PBXFileReference; lastKnownFileType = file.storyboard; name = Base; path = Base.lproj/LaunchScreen.storyboard; sourceTree = "<group>"; };
		F9F30893239BBAAC002E6F11 /* Info.plist */ = {isa = PBXFileReference; lastKnownFileType = text.plist.xml; path = Info.plist; sourceTree = "<group>"; };
		F9F3089B239BBB3B002E6F11 /* LoginViewController.swift */ = {isa = PBXFileReference; lastKnownFileType = sourcecode.swift; path = LoginViewController.swift; sourceTree = "<group>"; };
		F9F3089D239BBB53002E6F11 /* SignUpViewController.swift */ = {isa = PBXFileReference; lastKnownFileType = sourcecode.swift; path = SignUpViewController.swift; sourceTree = "<group>"; };
		F9F3089F239BBBB7002E6F11 /* TabBarViewController.swift */ = {isa = PBXFileReference; lastKnownFileType = sourcecode.swift; path = TabBarViewController.swift; sourceTree = "<group>"; };
		F9F308A5239BD9F4002E6F11 /* FeedViewController.swift */ = {isa = PBXFileReference; lastKnownFileType = sourcecode.swift; path = FeedViewController.swift; sourceTree = "<group>"; };
		F9F308A7239BDA02002E6F11 /* ProfileViewController.swift */ = {isa = PBXFileReference; lastKnownFileType = sourcecode.swift; path = ProfileViewController.swift; sourceTree = "<group>"; };
		F9F308A9239BDA0D002E6F11 /* SearchViewController.swift */ = {isa = PBXFileReference; lastKnownFileType = sourcecode.swift; path = SearchViewController.swift; sourceTree = "<group>"; };
		F9F308AD239BDEBE002E6F11 /* PhotoViewController.swift */ = {isa = PBXFileReference; lastKnownFileType = sourcecode.swift; path = PhotoViewController.swift; sourceTree = "<group>"; };
		F9F308AF239E90E4002E6F11 /* GoogleService-Info.plist */ = {isa = PBXFileReference; lastKnownFileType = text.plist; path = "GoogleService-Info.plist"; sourceTree = SOURCE_ROOT; };
/* End PBXFileReference section */

/* Begin PBXFrameworksBuildPhase section */
		F9F3087F239BBAA9002E6F11 /* Frameworks */ = {
			isa = PBXFrameworksBuildPhase;
			buildActionMask = 2147483647;
			files = (
				5CC75725C4E5F8A89C3490DA /* Pods_InstagramFirebaseSample.framework in Frameworks */,
			);
			runOnlyForDeploymentPostprocessing = 0;
		};
/* End PBXFrameworksBuildPhase section */

/* Begin PBXGroup section */
		2DB0245A52D8BED224CC8F30 /* Frameworks */ = {
			isa = PBXGroup;
			children = (
				E28C97F3D5628FD67957FDE9 /* Pods_InstagramFirebaseSample.framework */,
			);
			name = Frameworks;
			sourceTree = "<group>";
		};
		97BBAD41BC310F87F01EA2A4 /* Pods */ = {
			isa = PBXGroup;
			children = (
				31813A07825F3ACB7E782F0A /* Pods-InstagramFirebaseSample.debug.xcconfig */,
				A5EFC7ACF247A42A7EB60D6D /* Pods-InstagramFirebaseSample.release.xcconfig */,
			);
			path = Pods;
			sourceTree = "<group>";
		};
		E63EE22A243D6476004C0537 /* Core */ = {
			isa = PBXGroup;
			children = (
				F9F30885239BBAA9002E6F11 /* AppDelegate.swift */,
				E63EE234243D9F73004C0537 /* Application.swift */,
				E63EE230243D80D0004C0537 /* Navigator.swift */,
			);
			path = Core;
			sourceTree = "<group>";
		};
		E63EE22B243D65BC004C0537 /* Base */ = {
			isa = PBXGroup;
			children = (
				E63EE22E243D6859004C0537 /* ViewController.swift */,
				E63EE23E243EE4E0004C0537 /* CollectionViewCell.swift */,
			);
			path = Base;
			sourceTree = "<group>";
		};
		E63EE22C243D6611004C0537 /* Presentation */ = {
			isa = PBXGroup;
			children = (
				F9F308A1239BBBD1002E6F11 /* TabBar */,
				F9F308AC239BDEB0002E6F11 /* Photo */,
				F9F308AB239BDB19002E6F11 /* Like */,
				F9F308A4239BD9BB002E6F11 /* Search */,
				F9F308A2239BD9A5002E6F11 /* Feed */,
				F9F308A3239BD9AD002E6F11 /* Profile */,
				F9F3089A239BBAF5002E6F11 /* Login */,
			);
			path = Presentation;
			sourceTree = "<group>";
		};
		E63EE22D243D664D004C0537 /* Tools */ = {
			isa = PBXGroup;
			children = (
				E63EE240243EE531004C0537 /* Tools.swift */,
				E63EE242243EE53B004C0537 /* Font.swift */,
				E63EE244243EE543004C0537 /* Color.swift */,
			);
			path = Tools;
			sourceTree = "<group>";
		};
		F9F30879239BBAA9002E6F11 = {
			isa = PBXGroup;
			children = (
				F9F30884239BBAA9002E6F11 /* InstagramFirebaseSample */,
				F9F30883239BBAA9002E6F11 /* Products */,
				97BBAD41BC310F87F01EA2A4 /* Pods */,
				2DB0245A52D8BED224CC8F30 /* Frameworks */,
			);
			sourceTree = "<group>";
		};
		F9F30883239BBAA9002E6F11 /* Products */ = {
			isa = PBXGroup;
			children = (
				F9F30882239BBAA9002E6F11 /* InstagramFirebaseSample.app */,
			);
			name = Products;
			sourceTree = "<group>";
		};
		F9F30884239BBAA9002E6F11 /* InstagramFirebaseSample */ = {
			isa = PBXGroup;
			children = (
				E63EE22A243D6476004C0537 /* Core */,
				E63EE22B243D65BC004C0537 /* Base */,
				E63EE22D243D664D004C0537 /* Tools */,
				E63EE22C243D6611004C0537 /* Presentation */,
				F9F3088E239BBAAC002E6F11 /* Assets.xcassets */,
				F9F30890239BBAAC002E6F11 /* LaunchScreen.storyboard */,
				F9F30893239BBAAC002E6F11 /* Info.plist */,
				F9F308AF239E90E4002E6F11 /* GoogleService-Info.plist */,
			);
			path = InstagramFirebaseSample;
			sourceTree = "<group>";
		};
		F9F3089A239BBAF5002E6F11 /* Login */ = {
			isa = PBXGroup;
			children = (
				F9F3089B239BBB3B002E6F11 /* LoginViewController.swift */,
				F9F3089D239BBB53002E6F11 /* SignUpViewController.swift */,
			);
			path = Login;
			sourceTree = "<group>";
		};
		F9F308A1239BBBD1002E6F11 /* TabBar */ = {
			isa = PBXGroup;
			children = (
				F9F3089F239BBBB7002E6F11 /* TabBarViewController.swift */,
				E63EE232243D8265004C0537 /* TabBarViewModel.swift */,
			);
			path = TabBar;
			sourceTree = "<group>";
		};
		F9F308A2239BD9A5002E6F11 /* Feed */ = {
			isa = PBXGroup;
			children = (
				F9F308A5239BD9F4002E6F11 /* FeedViewController.swift */,
				E63EE23A243EE3FD004C0537 /* FeedViewModel.swift */,
			);
			path = Feed;
			sourceTree = "<group>";
		};
		F9F308A3239BD9AD002E6F11 /* Profile */ = {
			isa = PBXGroup;
			children = (
				F9F308A7239BDA02002E6F11 /* ProfileViewController.swift */,
				E63EE23C243EE413004C0537 /* ProfileViewModel.swift */,
			);
			path = Profile;
			sourceTree = "<group>";
		};
		F9F308A4239BD9BB002E6F11 /* Search */ = {
			isa = PBXGroup;
			children = (
				F9F308A9239BDA0D002E6F11 /* SearchViewController.swift */,
				E63EE238243EE3F4004C0537 /* SearchViewModel.swift */,
			);
			path = Search;
			sourceTree = "<group>";
		};
		F9F308AB239BDB19002E6F11 /* Like */ = {
			isa = PBXGroup;
			children = (
				E63EE246243EED85004C0537 /* LikeViewController.swift */,
				E63EE248243EED9D004C0537 /* LikeViewModel.swift */,
			);
			name = Like;
			path = ../Like;
			sourceTree = "<group>";
		};
		F9F308AC239BDEB0002E6F11 /* Photo */ = {
			isa = PBXGroup;
			children = (
				F9F308AD239BDEBE002E6F11 /* PhotoViewController.swift */,
				E63EE236243EE3E7004C0537 /* PhotoViewModel.swift */,
			);
			path = Photo;
			sourceTree = "<group>";
		};
/* End PBXGroup section */

/* Begin PBXNativeTarget section */
		F9F30881239BBAA9002E6F11 /* InstagramFirebaseSample */ = {
			isa = PBXNativeTarget;
			buildConfigurationList = F9F30896239BBAAC002E6F11 /* Build configuration list for PBXNativeTarget "InstagramFirebaseSample" */;
			buildPhases = (
				1A1B31D407D99879DCD2C5A3 /* [CP] Check Pods Manifest.lock */,
				F9F3087E239BBAA9002E6F11 /* Sources */,
				F9F3087F239BBAA9002E6F11 /* Frameworks */,
				F9F30880239BBAA9002E6F11 /* Resources */,
				2AC7BDF0FE3279AC040B0942 /* [CP] Embed Pods Frameworks */,
			);
			buildRules = (
			);
			dependencies = (
			);
			name = InstagramFirebaseSample;
			productName = InstagramFirebaseSample;
			productReference = F9F30882239BBAA9002E6F11 /* InstagramFirebaseSample.app */;
			productType = "com.apple.product-type.application";
		};
/* End PBXNativeTarget section */

/* Begin PBXProject section */
		F9F3087A239BBAA9002E6F11 /* Project object */ = {
			isa = PBXProject;
			attributes = {
				LastSwiftUpdateCheck = 1120;
				LastUpgradeCheck = 1120;
				ORGANIZATIONNAME = inswag;
				TargetAttributes = {
					F9F30881239BBAA9002E6F11 = {
						CreatedOnToolsVersion = 11.2.1;
					};
				};
			};
			buildConfigurationList = F9F3087D239BBAA9002E6F11 /* Build configuration list for PBXProject "InstagramFirebaseSample" */;
			compatibilityVersion = "Xcode 9.3";
			developmentRegion = en;
			hasScannedForEncodings = 0;
			knownRegions = (
				en,
				Base,
			);
			mainGroup = F9F30879239BBAA9002E6F11;
			productRefGroup = F9F30883239BBAA9002E6F11 /* Products */;
			projectDirPath = "";
			projectRoot = "";
			targets = (
				F9F30881239BBAA9002E6F11 /* InstagramFirebaseSample */,
			);
		};
/* End PBXProject section */

/* Begin PBXResourcesBuildPhase section */
		F9F30880239BBAA9002E6F11 /* Resources */ = {
			isa = PBXResourcesBuildPhase;
			buildActionMask = 2147483647;
			files = (
				F9F30892239BBAAC002E6F11 /* LaunchScreen.storyboard in Resources */,
				F9F308B0239E90E5002E6F11 /* GoogleService-Info.plist in Resources */,
				F9F3088F239BBAAC002E6F11 /* Assets.xcassets in Resources */,
			);
			runOnlyForDeploymentPostprocessing = 0;
		};
/* End PBXResourcesBuildPhase section */

/* Begin PBXShellScriptBuildPhase section */
		1A1B31D407D99879DCD2C5A3 /* [CP] Check Pods Manifest.lock */ = {
			isa = PBXShellScriptBuildPhase;
			buildActionMask = 2147483647;
			files = (
			);
			inputFileListPaths = (
			);
			inputPaths = (
				"${PODS_PODFILE_DIR_PATH}/Podfile.lock",
				"${PODS_ROOT}/Manifest.lock",
			);
			name = "[CP] Check Pods Manifest.lock";
			outputFileListPaths = (
			);
			outputPaths = (
				"$(DERIVED_FILE_DIR)/Pods-InstagramFirebaseSample-checkManifestLockResult.txt",
			);
			runOnlyForDeploymentPostprocessing = 0;
			shellPath = /bin/sh;
			shellScript = "diff \"${PODS_PODFILE_DIR_PATH}/Podfile.lock\" \"${PODS_ROOT}/Manifest.lock\" > /dev/null\nif [ $? != 0 ] ; then\n    # print error to STDERR\n    echo \"error: The sandbox is not in sync with the Podfile.lock. Run 'pod install' or update your CocoaPods installation.\" >&2\n    exit 1\nfi\n# This output is used by Xcode 'outputs' to avoid re-running this script phase.\necho \"SUCCESS\" > \"${SCRIPT_OUTPUT_FILE_0}\"\n";
			showEnvVarsInLog = 0;
		};
		2AC7BDF0FE3279AC040B0942 /* [CP] Embed Pods Frameworks */ = {
			isa = PBXShellScriptBuildPhase;
			buildActionMask = 2147483647;
			files = (
			);
			inputFileListPaths = (
				"${PODS_ROOT}/Target Support Files/Pods-InstagramFirebaseSample/Pods-InstagramFirebaseSample-frameworks-${CONFIGURATION}-input-files.xcfilelist",
			);
			name = "[CP] Embed Pods Frameworks";
			outputFileListPaths = (
				"${PODS_ROOT}/Target Support Files/Pods-InstagramFirebaseSample/Pods-InstagramFirebaseSample-frameworks-${CONFIGURATION}-output-files.xcfilelist",
			);
			runOnlyForDeploymentPostprocessing = 0;
			shellPath = /bin/sh;
			shellScript = "\"${PODS_ROOT}/Target Support Files/Pods-InstagramFirebaseSample/Pods-InstagramFirebaseSample-frameworks.sh\"\n";
			showEnvVarsInLog = 0;
		};
/* End PBXShellScriptBuildPhase section */

/* Begin PBXSourcesBuildPhase section */
		F9F3087E239BBAA9002E6F11 /* Sources */ = {
			isa = PBXSourcesBuildPhase;
			buildActionMask = 2147483647;
			files = (
				F9F3089C239BBB3B002E6F11 /* LoginViewController.swift in Sources */,
				F9F30886239BBAA9002E6F11 /* AppDelegate.swift in Sources */,
				E63EE247243EED85004C0537 /* LikeViewController.swift in Sources */,
				E63EE23F243EE4E0004C0537 /* CollectionViewCell.swift in Sources */,
				F9F308AA239BDA0D002E6F11 /* SearchViewController.swift in Sources */,
				E63EE243243EE53B004C0537 /* Font.swift in Sources */,
				E63EE22F243D6859004C0537 /* ViewController.swift in Sources */,
				E63EE233243D8265004C0537 /* TabBarViewModel.swift in Sources */,
				E63EE23B243EE3FD004C0537 /* FeedViewModel.swift in Sources */,
				E63EE231243D80D0004C0537 /* Navigator.swift in Sources */,
				F9F308A0239BBBB7002E6F11 /* TabBarViewController.swift in Sources */,
				F9F3089E239BBB53002E6F11 /* SignUpViewController.swift in Sources */,
				E63EE239243EE3F4004C0537 /* SearchViewModel.swift in Sources */,
				E63EE249243EED9D004C0537 /* LikeViewModel.swift in Sources */,
				F9F308A8239BDA02002E6F11 /* ProfileViewController.swift in Sources */,
				E63EE245243EE543004C0537 /* Color.swift in Sources */,
				F9F308A6239BD9F4002E6F11 /* FeedViewController.swift in Sources */,
				E63EE237243EE3E7004C0537 /* PhotoViewModel.swift in Sources */,
				E63EE235243D9F73004C0537 /* Application.swift in Sources */,
				E63EE241243EE531004C0537 /* Tools.swift in Sources */,
				E63EE23D243EE413004C0537 /* ProfileViewModel.swift in Sources */,
				F9F308AE239BDEBE002E6F11 /* PhotoViewController.swift in Sources */,
			);
			runOnlyForDeploymentPostprocessing = 0;
		};
/* End PBXSourcesBuildPhase section */

/* Begin PBXVariantGroup section */
		F9F30890239BBAAC002E6F11 /* LaunchScreen.storyboard */ = {
			isa = PBXVariantGroup;
			children = (
				F9F30891239BBAAC002E6F11 /* Base */,
			);
			name = LaunchScreen.storyboard;
			sourceTree = "<group>";
		};
/* End PBXVariantGroup section */

/* Begin XCBuildConfiguration section */
		F9F30894239BBAAC002E6F11 /* Debug */ = {
			isa = XCBuildConfiguration;
			buildSettings = {
				ALWAYS_SEARCH_USER_PATHS = NO;
				CLANG_ANALYZER_NONNULL = YES;
				CLANG_ANALYZER_NUMBER_OBJECT_CONVERSION = YES_AGGRESSIVE;
				CLANG_CXX_LANGUAGE_STANDARD = "gnu++14";
				CLANG_CXX_LIBRARY = "libc++";
				CLANG_ENABLE_MODULES = YES;
				CLANG_ENABLE_OBJC_ARC = YES;
				CLANG_ENABLE_OBJC_WEAK = YES;
				CLANG_WARN_BLOCK_CAPTURE_AUTORELEASING = YES;
				CLANG_WARN_BOOL_CONVERSION = YES;
				CLANG_WARN_COMMA = YES;
				CLANG_WARN_CONSTANT_CONVERSION = YES;
				CLANG_WARN_DEPRECATED_OBJC_IMPLEMENTATIONS = YES;
				CLANG_WARN_DIRECT_OBJC_ISA_USAGE = YES_ERROR;
				CLANG_WARN_DOCUMENTATION_COMMENTS = YES;
				CLANG_WARN_EMPTY_BODY = YES;
				CLANG_WARN_ENUM_CONVERSION = YES;
				CLANG_WARN_INFINITE_RECURSION = YES;
				CLANG_WARN_INT_CONVERSION = YES;
				CLANG_WARN_NON_LITERAL_NULL_CONVERSION = YES;
				CLANG_WARN_OBJC_IMPLICIT_RETAIN_SELF = YES;
				CLANG_WARN_OBJC_LITERAL_CONVERSION = YES;
				CLANG_WARN_OBJC_ROOT_CLASS = YES_ERROR;
				CLANG_WARN_RANGE_LOOP_ANALYSIS = YES;
				CLANG_WARN_STRICT_PROTOTYPES = YES;
				CLANG_WARN_SUSPICIOUS_MOVE = YES;
				CLANG_WARN_UNGUARDED_AVAILABILITY = YES_AGGRESSIVE;
				CLANG_WARN_UNREACHABLE_CODE = YES;
				CLANG_WARN__DUPLICATE_METHOD_MATCH = YES;
				COPY_PHASE_STRIP = NO;
				DEBUG_INFORMATION_FORMAT = dwarf;
				ENABLE_STRICT_OBJC_MSGSEND = YES;
				ENABLE_TESTABILITY = YES;
				GCC_C_LANGUAGE_STANDARD = gnu11;
				GCC_DYNAMIC_NO_PIC = NO;
				GCC_NO_COMMON_BLOCKS = YES;
				GCC_OPTIMIZATION_LEVEL = 0;
				GCC_PREPROCESSOR_DEFINITIONS = (
					"DEBUG=1",
					"$(inherited)",
				);
				GCC_WARN_64_TO_32_BIT_CONVERSION = YES;
				GCC_WARN_ABOUT_RETURN_TYPE = YES_ERROR;
				GCC_WARN_UNDECLARED_SELECTOR = YES;
				GCC_WARN_UNINITIALIZED_AUTOS = YES_AGGRESSIVE;
				GCC_WARN_UNUSED_FUNCTION = YES;
				GCC_WARN_UNUSED_VARIABLE = YES;
				IPHONEOS_DEPLOYMENT_TARGET = 13.2;
				MTL_ENABLE_DEBUG_INFO = INCLUDE_SOURCE;
				MTL_FAST_MATH = YES;
				ONLY_ACTIVE_ARCH = YES;
				SDKROOT = iphoneos;
				SWIFT_ACTIVE_COMPILATION_CONDITIONS = DEBUG;
				SWIFT_OPTIMIZATION_LEVEL = "-Onone";
			};
			name = Debug;
		};
		F9F30895239BBAAC002E6F11 /* Release */ = {
			isa = XCBuildConfiguration;
			buildSettings = {
				ALWAYS_SEARCH_USER_PATHS = NO;
				CLANG_ANALYZER_NONNULL = YES;
				CLANG_ANALYZER_NUMBER_OBJECT_CONVERSION = YES_AGGRESSIVE;
				CLANG_CXX_LANGUAGE_STANDARD = "gnu++14";
				CLANG_CXX_LIBRARY = "libc++";
				CLANG_ENABLE_MODULES = YES;
				CLANG_ENABLE_OBJC_ARC = YES;
				CLANG_ENABLE_OBJC_WEAK = YES;
				CLANG_WARN_BLOCK_CAPTURE_AUTORELEASING = YES;
				CLANG_WARN_BOOL_CONVERSION = YES;
				CLANG_WARN_COMMA = YES;
				CLANG_WARN_CONSTANT_CONVERSION = YES;
				CLANG_WARN_DEPRECATED_OBJC_IMPLEMENTATIONS = YES;
				CLANG_WARN_DIRECT_OBJC_ISA_USAGE = YES_ERROR;
				CLANG_WARN_DOCUMENTATION_COMMENTS = YES;
				CLANG_WARN_EMPTY_BODY = YES;
				CLANG_WARN_ENUM_CONVERSION = YES;
				CLANG_WARN_INFINITE_RECURSION = YES;
				CLANG_WARN_INT_CONVERSION = YES;
				CLANG_WARN_NON_LITERAL_NULL_CONVERSION = YES;
				CLANG_WARN_OBJC_IMPLICIT_RETAIN_SELF = YES;
				CLANG_WARN_OBJC_LITERAL_CONVERSION = YES;
				CLANG_WARN_OBJC_ROOT_CLASS = YES_ERROR;
				CLANG_WARN_RANGE_LOOP_ANALYSIS = YES;
				CLANG_WARN_STRICT_PROTOTYPES = YES;
				CLANG_WARN_SUSPICIOUS_MOVE = YES;
				CLANG_WARN_UNGUARDED_AVAILABILITY = YES_AGGRESSIVE;
				CLANG_WARN_UNREACHABLE_CODE = YES;
				CLANG_WARN__DUPLICATE_METHOD_MATCH = YES;
				COPY_PHASE_STRIP = NO;
				DEBUG_INFORMATION_FORMAT = "dwarf-with-dsym";
				ENABLE_NS_ASSERTIONS = NO;
				ENABLE_STRICT_OBJC_MSGSEND = YES;
				GCC_C_LANGUAGE_STANDARD = gnu11;
				GCC_NO_COMMON_BLOCKS = YES;
				GCC_WARN_64_TO_32_BIT_CONVERSION = YES;
				GCC_WARN_ABOUT_RETURN_TYPE = YES_ERROR;
				GCC_WARN_UNDECLARED_SELECTOR = YES;
				GCC_WARN_UNINITIALIZED_AUTOS = YES_AGGRESSIVE;
				GCC_WARN_UNUSED_FUNCTION = YES;
				GCC_WARN_UNUSED_VARIABLE = YES;
				IPHONEOS_DEPLOYMENT_TARGET = 13.2;
				MTL_ENABLE_DEBUG_INFO = NO;
				MTL_FAST_MATH = YES;
				SDKROOT = iphoneos;
				SWIFT_COMPILATION_MODE = wholemodule;
				SWIFT_OPTIMIZATION_LEVEL = "-O";
				VALIDATE_PRODUCT = YES;
			};
			name = Release;
		};
		F9F30897239BBAAC002E6F11 /* Debug */ = {
			isa = XCBuildConfiguration;
			baseConfigurationReference = 31813A07825F3ACB7E782F0A /* Pods-InstagramFirebaseSample.debug.xcconfig */;
			buildSettings = {
				ASSETCATALOG_COMPILER_APPICON_NAME = AppIcon;
				CODE_SIGN_STYLE = Automatic;
				DEVELOPMENT_TEAM = C6T929VMZT;
				INFOPLIST_FILE = InstagramFirebaseSample/Info.plist;
				LD_RUNPATH_SEARCH_PATHS = (
					"$(inherited)",
					"@executable_path/Frameworks",
				);
				PRODUCT_BUNDLE_IDENTIFIER = kr.inswag.InstagramFirebaseSample;
				PRODUCT_NAME = "$(TARGET_NAME)";
				SWIFT_VERSION = 5.0;
				TARGETED_DEVICE_FAMILY = "1,2";
			};
			name = Debug;
		};
		F9F30898239BBAAC002E6F11 /* Release */ = {
			isa = XCBuildConfiguration;
			baseConfigurationReference = A5EFC7ACF247A42A7EB60D6D /* Pods-InstagramFirebaseSample.release.xcconfig */;
			buildSettings = {
				ASSETCATALOG_COMPILER_APPICON_NAME = AppIcon;
				CODE_SIGN_STYLE = Automatic;
				DEVELOPMENT_TEAM = C6T929VMZT;
				INFOPLIST_FILE = InstagramFirebaseSample/Info.plist;
				LD_RUNPATH_SEARCH_PATHS = (
					"$(inherited)",
					"@executable_path/Frameworks",
				);
				PRODUCT_BUNDLE_IDENTIFIER = kr.inswag.InstagramFirebaseSample;
				PRODUCT_NAME = "$(TARGET_NAME)";
				SWIFT_VERSION = 5.0;
				TARGETED_DEVICE_FAMILY = "1,2";
			};
			name = Release;
		};
/* End XCBuildConfiguration section */

/* Begin XCConfigurationList section */
		F9F3087D239BBAA9002E6F11 /* Build configuration list for PBXProject "InstagramFirebaseSample" */ = {
			isa = XCConfigurationList;
			buildConfigurations = (
				F9F30894239BBAAC002E6F11 /* Debug */,
				F9F30895239BBAAC002E6F11 /* Release */,
			);
			defaultConfigurationIsVisible = 0;
			defaultConfigurationName = Release;
		};
		F9F30896239BBAAC002E6F11 /* Build configuration list for PBXNativeTarget "InstagramFirebaseSample" */ = {
			isa = XCConfigurationList;
			buildConfigurations = (
				F9F30897239BBAAC002E6F11 /* Debug */,
				F9F30898239BBAAC002E6F11 /* Release */,
			);
			defaultConfigurationIsVisible = 0;
			defaultConfigurationName = Release;
		};
/* End XCConfigurationList section */
	};
	rootObject = F9F3087A239BBAA9002E6F11 /* Project object */;
}
